
Microsoft Visual Studio Solution File, Format Version 12.00
# Visual Studio Version 17
VisualStudioVersion = 17.1.32421.90
MinimumVisualStudioVersion = 10.0.40219.1
Project("{FAE04EC0-301F-11D3-BF4B-00C04F79EFBC}") = "Summator", "Summator\Summator.csproj", "{3B8138D5-5346-4959-9FA5-2B812C3AA3A1}"
EndProject
Project("{FAE04EC0-301F-11D3-BF4B-00C04F79EFBC}") = "Summator.Tests", "Summator.Tests\Summator.Tests.csproj", "{186A6954-E9E5-4E75-9CE4-67D54740CEFE}"
EndProject
Global
	GlobalSection(SolutionConfigurationPlatforms) = preSolution
		Debug|Any CPU = Debug|Any CPU
		Release|Any CPU = Release|Any CPU
	EndGlobalSection
	GlobalSection(ProjectConfigurationPlatforms) = postSolution
		{3B8138D5-5346-4959-9FA5-2B812C3AA3A1}.Debug|Any CPU.ActiveCfg = Debug|Any CPU
		{3B8138D5-5346-4959-9FA5-2B812C3AA3A1}.Debug|Any CPU.Build.0 = Debug|Any CPU
		{3B8138D5-5346-4959-9FA5-2B812C3AA3A1}.Release|Any CPU.ActiveCfg = Release|Any CPU
		{3B8138D5-5346-4959-9FA5-2B812C3AA3A1}.Release|Any CPU.Build.0 = Release|Any CPU
		{186A6954-E9E5-4E75-9CE4-67D54740CEFE}.Debug|Any CPU.ActiveCfg = Debug|Any CPU
		{186A6954-E9E5-4E75-9CE4-67D54740CEFE}.Debug|Any CPU.Build.0 = Debug|Any CPU
		{186A6954-E9E5-4E75-9CE4-67D54740CEFE}.Release|Any CPU.ActiveCfg = Release|Any CPU
		{186A6954-E9E5-4E75-9CE4-67D54740CEFE}.Release|Any CPU.Build.0 = Release|Any CPU
	EndGlobalSection
	GlobalSection(SolutionProperties) = preSolution
		HideSolutionNode = FALSE
	EndGlobalSection
	GlobalSection(ExtensibilityGlobals) = postSolution
		SolutionGuid = {23EDC1CB-AE88-4106-B167-4D0770EE9534}
	EndGlobalSection
EndGlobal
